
Microsoft Visual Studio Solution File, Format Version 12.00
# Visual Studio Version 17
VisualStudioVersion = 17.13.35931.197 d17.13
MinimumVisualStudioVersion = 10.0.40219.1
Project("{FAE04EC0-301F-11D3-BF4B-00C04F79EFBC}") = "WypozyczalniaSprzetu.API", "WypożyczalniaSprzetu.API\WypozyczalniaSprzetu.API.csproj", "{EE2860A7-DAF4-4A7A-81E8-0669831A5B8C}"
EndProject
Global
	GlobalSection(SolutionConfigurationPlatforms) = preSolution
		Debug|Any CPU = Debug|Any CPU
		Release|Any CPU = Release|Any CPU
	EndGlobalSection
	GlobalSection(ProjectConfigurationPlatforms) = postSolution
		{EE2860A7-DAF4-4A7A-81E8-0669831A5B8C}.Debug|Any CPU.ActiveCfg = Debug|Any CPU
		{EE2860A7-DAF4-4A7A-81E8-0669831A5B8C}.Debug|Any CPU.Build.0 = Debug|Any CPU
		{EE2860A7-DAF4-4A7A-81E8-0669831A5B8C}.Release|Any CPU.ActiveCfg = Release|Any CPU
		{EE2860A7-DAF4-4A7A-81E8-0669831A5B8C}.Release|Any CPU.Build.0 = Release|Any CPU
	EndGlobalSection
	GlobalSection(SolutionProperties) = preSolution
		HideSolutionNode = FALSE
	EndGlobalSection
	GlobalSection(ExtensibilityGlobals) = postSolution
		SolutionGuid = {A140A398-615B-436B-9EB0-15F9E2005230}
	EndGlobalSection
EndGlobal
